// !$*UTF8*$!
{
	archiveVersion = 1;
	classes = {
	};
	objectVersion = 46;
	objects = {

/* Begin PBXBuildFile section */
		DCBD4C1D1BBC65C8001E8AE8 /* main.m in Sources */ = {isa = PBXBuildFile; fileRef = DCBD4C1C1BBC65C8001E8AE8 /* main.m */; };
		DCBD4C201BBC65C9001E8AE8 /* AppDelegate.m in Sources */ = {isa = PBXBuildFile; fileRef = DCBD4C1F1BBC65C9001E8AE8 /* AppDelegate.m */; };
		DCBD4C231BBC65C9001E8AE8 /* ViewController.m in Sources */ = {isa = PBXBuildFile; fileRef = DCBD4C221BBC65C9001E8AE8 /* ViewController.m */; };
		DCBD4C261BBC65C9001E8AE8 /* Main.storyboard in Resources */ = {isa = PBXBuildFile; fileRef = DCBD4C241BBC65C9001E8AE8 /* Main.storyboard */; };
		DCBD4C291BBC65C9001E8AE8 /* IWantToBeGreen_IBOutlets_IBActions_.xcdatamodeld in Sources */ = {isa = PBXBuildFile; fileRef = DCBD4C271BBC65C9001E8AE8 /* IWantToBeGreen_IBOutlets_IBActions_.xcdatamodeld */; };
		DCBD4C2B1BBC65C9001E8AE8 /* Assets.xcassets in Resources */ = {isa = PBXBuildFile; fileRef = DCBD4C2A1BBC65C9001E8AE8 /* Assets.xcassets */; };
		DCBD4C2E1BBC65C9001E8AE8 /* LaunchScreen.storyboard in Resources */ = {isa = PBXBuildFile; fileRef = DCBD4C2C1BBC65C9001E8AE8 /* LaunchScreen.storyboard */; };
		DCBD4C391BBC65C9001E8AE8 /* IWantToBeGreen_IBOutlets_IBActions_Tests.m in Sources */ = {isa = PBXBuildFile; fileRef = DCBD4C381BBC65C9001E8AE8 /* IWantToBeGreen_IBOutlets_IBActions_Tests.m */; };
		DCBD4C441BBC65C9001E8AE8 /* IWantToBeGreen_IBOutlets_IBActions_UITests.m in Sources */ = {isa = PBXBuildFile; fileRef = DCBD4C431BBC65C9001E8AE8 /* IWantToBeGreen_IBOutlets_IBActions_UITests.m */; };
/* End PBXBuildFile section */

/* Begin PBXContainerItemProxy section */
		DCBD4C351BBC65C9001E8AE8 /* PBXContainerItemProxy */ = {
			isa = PBXContainerItemProxy;
			containerPortal = DCBD4C101BBC65C8001E8AE8 /* Project object */;
			proxyType = 1;
			remoteGlobalIDString = DCBD4C171BBC65C8001E8AE8;
			remoteInfo = "IWantToBeGreen(IBOutlets,IBActions)";
		};
		DCBD4C401BBC65C9001E8AE8 /* PBXContainerItemProxy */ = {
			isa = PBXContainerItemProxy;
			containerPortal = DCBD4C101BBC65C8001E8AE8 /* Project object */;
			proxyType = 1;
			remoteGlobalIDString = DCBD4C171BBC65C8001E8AE8;
			remoteInfo = "IWantToBeGreen(IBOutlets,IBActions)";
		};
/* End PBXContainerItemProxy section */

/* Begin PBXFileReference section */
		DCBD4C181BBC65C8001E8AE8 /* IWantToBeGreen(IBOutlets,IBActions).app */ = {isa = PBXFileReference; explicitFileType = wrapper.application; includeInIndex = 0; path = "IWantToBeGreen(IBOutlets,IBActions).app"; sourceTree = BUILT_PRODUCTS_DIR; };
		DCBD4C1C1BBC65C8001E8AE8 /* main.m */ = {isa = PBXFileReference; lastKnownFileType = sourcecode.c.objc; path = main.m; sourceTree = "<group>"; };
		DCBD4C1E1BBC65C9001E8AE8 /* AppDelegate.h */ = {isa = PBXFileReference; lastKnownFileType = sourcecode.c.h; path = AppDelegate.h; sourceTree = "<group>"; };
		DCBD4C1F1BBC65C9001E8AE8 /* AppDelegate.m */ = {isa = PBXFileReference; lastKnownFileType = sourcecode.c.objc; path = AppDelegate.m; sourceTree = "<group>"; };
		DCBD4C211BBC65C9001E8AE8 /* ViewController.h */ = {isa = PBXFileReference; lastKnownFileType = sourcecode.c.h; path = ViewController.h; sourceTree = "<group>"; };
		DCBD4C221BBC65C9001E8AE8 /* ViewController.m */ = {isa = PBXFileReference; lastKnownFileType = sourcecode.c.objc; path = ViewController.m; sourceTree = "<group>"; };
		DCBD4C251BBC65C9001E8AE8 /* Base */ = {isa = PBXFileReference; lastKnownFileType = file.storyboard; name = Base; path = Base.lproj/Main.storyboard; sourceTree = "<group>"; };
		DCBD4C281BBC65C9001E8AE8 /* IWantToBeGreen_IBOutlets_IBActions_.xcdatamodel */ = {isa = PBXFileReference; lastKnownFileType = wrapper.xcdatamodel; path = IWantToBeGreen_IBOutlets_IBActions_.xcdatamodel; sourceTree = "<group>"; };
		DCBD4C2A1BBC65C9001E8AE8 /* Assets.xcassets */ = {isa = PBXFileReference; lastKnownFileType = folder.assetcatalog; path = Assets.xcassets; sourceTree = "<group>"; };
		DCBD4C2D1BBC65C9001E8AE8 /* Base */ = {isa = PBXFileReference; lastKnownFileType = file.storyboard; name = Base; path = Base.lproj/LaunchScreen.storyboard; sourceTree = "<group>"; };
		DCBD4C2F1BBC65C9001E8AE8 /* Info.plist */ = {isa = PBXFileReference; lastKnownFileType = text.plist.xml; path = Info.plist; sourceTree = "<group>"; };
		DCBD4C341BBC65C9001E8AE8 /* IWantToBeGreen(IBOutlets,IBActions)Tests.xctest */ = {isa = PBXFileReference; explicitFileType = wrapper.cfbundle; includeInIndex = 0; path = "IWantToBeGreen(IBOutlets,IBActions)Tests.xctest"; sourceTree = BUILT_PRODUCTS_DIR; };
		DCBD4C381BBC65C9001E8AE8 /* IWantToBeGreen_IBOutlets_IBActions_Tests.m */ = {isa = PBXFileReference; lastKnownFileType = sourcecode.c.objc; path = IWantToBeGreen_IBOutlets_IBActions_Tests.m; sourceTree = "<group>"; };
		DCBD4C3A1BBC65C9001E8AE8 /* Info.plist */ = {isa = PBXFileReference; lastKnownFileType = text.plist.xml; path = Info.plist; sourceTree = "<group>"; };
		DCBD4C3F1BBC65C9001E8AE8 /* IWantToBeGreen(IBOutlets,IBActions)UITests.xctest */ = {isa = PBXFileReference; explicitFileType = wrapper.cfbundle; includeInIndex = 0; path = "IWantToBeGreen(IBOutlets,IBActions)UITests.xctest"; sourceTree = BUILT_PRODUCTS_DIR; };
		DCBD4C431BBC65C9001E8AE8 /* IWantToBeGreen_IBOutlets_IBActions_UITests.m */ = {isa = PBXFileReference; lastKnownFileType = sourcecode.c.objc; path = IWantToBeGreen_IBOutlets_IBActions_UITests.m; sourceTree = "<group>"; };
		DCBD4C451BBC65C9001E8AE8 /* Info.plist */ = {isa = PBXFileReference; lastKnownFileType = text.plist.xml; path = Info.plist; sourceTree = "<group>"; };
/* End PBXFileReference section */

/* Begin PBXFrameworksBuildPhase section */
		DCBD4C151BBC65C8001E8AE8 /* Frameworks */ = {
			isa = PBXFrameworksBuildPhase;
			buildActionMask = 2147483647;
			files = (
			);
			runOnlyForDeploymentPostprocessing = 0;
		};
		DCBD4C311BBC65C9001E8AE8 /* Frameworks */ = {
			isa = PBXFrameworksBuildPhase;
			buildActionMask = 2147483647;
			files = (
			);
			runOnlyForDeploymentPostprocessing = 0;
		};
		DCBD4C3C1BBC65C9001E8AE8 /* Frameworks */ = {
			isa = PBXFrameworksBuildPhase;
			buildActionMask = 2147483647;
			files = (
			);
			runOnlyForDeploymentPostprocessing = 0;
		};
/* End PBXFrameworksBuildPhase section */

/* Begin PBXGroup section */
		DCBD4C0F1BBC65C8001E8AE8 = {
			isa = PBXGroup;
			children = (
				DCBD4C1A1BBC65C8001E8AE8 /* IWantToBeGreen(IBOutlets,IBActions) */,
				DCBD4C371BBC65C9001E8AE8 /* IWantToBeGreen(IBOutlets,IBActions)Tests */,
				DCBD4C421BBC65C9001E8AE8 /* IWantToBeGreen(IBOutlets,IBActions)UITests */,
				DCBD4C191BBC65C8001E8AE8 /* Products */,
			);
			sourceTree = "<group>";
		};
		DCBD4C191BBC65C8001E8AE8 /* Products */ = {
			isa = PBXGroup;
			children = (
				DCBD4C181BBC65C8001E8AE8 /* IWantToBeGreen(IBOutlets,IBActions).app */,
				DCBD4C341BBC65C9001E8AE8 /* IWantToBeGreen(IBOutlets,IBActions)Tests.xctest */,
				DCBD4C3F1BBC65C9001E8AE8 /* IWantToBeGreen(IBOutlets,IBActions)UITests.xctest */,
			);
			name = Products;
			sourceTree = "<group>";
		};
		DCBD4C1A1BBC65C8001E8AE8 /* IWantToBeGreen(IBOutlets,IBActions) */ = {
			isa = PBXGroup;
			children = (
				DCBD4C1E1BBC65C9001E8AE8 /* AppDelegate.h */,
				DCBD4C1F1BBC65C9001E8AE8 /* AppDelegate.m */,
				DCBD4C211BBC65C9001E8AE8 /* ViewController.h */,
				DCBD4C221BBC65C9001E8AE8 /* ViewController.m */,
				DCBD4C241BBC65C9001E8AE8 /* Main.storyboard */,
				DCBD4C2A1BBC65C9001E8AE8 /* Assets.xcassets */,
				DCBD4C2C1BBC65C9001E8AE8 /* LaunchScreen.storyboard */,
				DCBD4C2F1BBC65C9001E8AE8 /* Info.plist */,
				DCBD4C271BBC65C9001E8AE8 /* IWantToBeGreen_IBOutlets_IBActions_.xcdatamodeld */,
				DCBD4C1B1BBC65C8001E8AE8 /* Supporting Files */,
			);
			path = "IWantToBeGreen(IBOutlets,IBActions)";
			sourceTree = "<group>";
		};
		DCBD4C1B1BBC65C8001E8AE8 /* Supporting Files */ = {
			isa = PBXGroup;
			children = (
				DCBD4C1C1BBC65C8001E8AE8 /* main.m */,
			);
			name = "Supporting Files";
			sourceTree = "<group>";
		};
		DCBD4C371BBC65C9001E8AE8 /* IWantToBeGreen(IBOutlets,IBActions)Tests */ = {
			isa = PBXGroup;
			children = (
				DCBD4C381BBC65C9001E8AE8 /* IWantToBeGreen_IBOutlets_IBActions_Tests.m */,
				DCBD4C3A1BBC65C9001E8AE8 /* Info.plist */,
			);
			path = "IWantToBeGreen(IBOutlets,IBActions)Tests";
			sourceTree = "<group>";
		};
		DCBD4C421BBC65C9001E8AE8 /* IWantToBeGreen(IBOutlets,IBActions)UITests */ = {
			isa = PBXGroup;
			children = (
				DCBD4C431BBC65C9001E8AE8 /* IWantToBeGreen_IBOutlets_IBActions_UITests.m */,
				DCBD4C451BBC65C9001E8AE8 /* Info.plist */,
			);
			path = "IWantToBeGreen(IBOutlets,IBActions)UITests";
			sourceTree = "<group>";
		};
/* End PBXGroup section */

/* Begin PBXNativeTarget section */
		DCBD4C171BBC65C8001E8AE8 /* IWantToBeGreen(IBOutlets,IBActions) */ = {
			isa = PBXNativeTarget;
			buildConfigurationList = DCBD4C481BBC65C9001E8AE8 /* Build configuration list for PBXNativeTarget "IWantToBeGreen(IBOutlets,IBActions)" */;
			buildPhases = (
				DCBD4C141BBC65C8001E8AE8 /* Sources */,
				DCBD4C151BBC65C8001E8AE8 /* Frameworks */,
				DCBD4C161BBC65C8001E8AE8 /* Resources */,
			);
			buildRules = (
			);
			dependencies = (
			);
			name = "IWantToBeGreen(IBOutlets,IBActions)";
			productName = "IWantToBeGreen(IBOutlets,IBActions)";
			productReference = DCBD4C181BBC65C8001E8AE8 /* IWantToBeGreen(IBOutlets,IBActions).app */;
			productType = "com.apple.product-type.application";
		};
		DCBD4C331BBC65C9001E8AE8 /* IWantToBeGreen(IBOutlets,IBActions)Tests */ = {
			isa = PBXNativeTarget;
			buildConfigurationList = DCBD4C4B1BBC65C9001E8AE8 /* Build configuration list for PBXNativeTarget "IWantToBeGreen(IBOutlets,IBActions)Tests" */;
			buildPhases = (
				DCBD4C301BBC65C9001E8AE8 /* Sources */,
				DCBD4C311BBC65C9001E8AE8 /* Frameworks */,
				DCBD4C321BBC65C9001E8AE8 /* Resources */,
			);
			buildRules = (
			);
			dependencies = (
				DCBD4C361BBC65C9001E8AE8 /* PBXTargetDependency */,
			);
			name = "IWantToBeGreen(IBOutlets,IBActions)Tests";
			productName = "IWantToBeGreen(IBOutlets,IBActions)Tests";
			productReference = DCBD4C341BBC65C9001E8AE8 /* IWantToBeGreen(IBOutlets,IBActions)Tests.xctest */;
			productType = "com.apple.product-type.bundle.unit-test";
		};
		DCBD4C3E1BBC65C9001E8AE8 /* IWantToBeGreen(IBOutlets,IBActions)UITests */ = {
			isa = PBXNativeTarget;
			buildConfigurationList = DCBD4C4E1BBC65C9001E8AE8 /* Build configuration list for PBXNativeTarget "IWantToBeGreen(IBOutlets,IBActions)UITests" */;
			buildPhases = (
				DCBD4C3B1BBC65C9001E8AE8 /* Sources */,
				DCBD4C3C1BBC65C9001E8AE8 /* Frameworks */,
				DCBD4C3D1BBC65C9001E8AE8 /* Resources */,
			);
			buildRules = (
			);
			dependencies = (
				DCBD4C411BBC65C9001E8AE8 /* PBXTargetDependency */,
			);
			name = "IWantToBeGreen(IBOutlets,IBActions)UITests";
			productName = "IWantToBeGreen(IBOutlets,IBActions)UITests";
			productReference = DCBD4C3F1BBC65C9001E8AE8 /* IWantToBeGreen(IBOutlets,IBActions)UITests.xctest */;
			productType = "com.apple.product-type.bundle.ui-testing";
		};
/* End PBXNativeTarget section */

/* Begin PBXProject section */
		DCBD4C101BBC65C8001E8AE8 /* Project object */ = {
			isa = PBXProject;
			attributes = {
				LastUpgradeCheck = 0700;
				ORGANIZATIONNAME = "Mobile Makers";
				TargetAttributes = {
					DCBD4C171BBC65C8001E8AE8 = {
						CreatedOnToolsVersion = 7.0;
					};
					DCBD4C331BBC65C9001E8AE8 = {
						CreatedOnToolsVersion = 7.0;
						TestTargetID = DCBD4C171BBC65C8001E8AE8;
					};
					DCBD4C3E1BBC65C9001E8AE8 = {
						CreatedOnToolsVersion = 7.0;
						TestTargetID = DCBD4C171BBC65C8001E8AE8;
					};
				};
			};
			buildConfigurationList = DCBD4C131BBC65C8001E8AE8 /* Build configuration list for PBXProject "IWantToBeGreen(IBOutlets,IBActions)" */;
			compatibilityVersion = "Xcode 3.2";
			developmentRegion = English;
			hasScannedForEncodings = 0;
			knownRegions = (
				en,
				Base,
			);
			mainGroup = DCBD4C0F1BBC65C8001E8AE8;
			productRefGroup = DCBD4C191BBC65C8001E8AE8 /* Products */;
			projectDirPath = "";
			projectRoot = "";
			targets = (
				DCBD4C171BBC65C8001E8AE8 /* IWantToBeGreen(IBOutlets,IBActions) */,
				DCBD4C331BBC65C9001E8AE8 /* IWantToBeGreen(IBOutlets,IBActions)Tests */,
				DCBD4C3E1BBC65C9001E8AE8 /* IWantToBeGreen(IBOutlets,IBActions)UITests */,
			);
		};
/* End PBXProject section */

/* Begin PBXResourcesBuildPhase section */
		DCBD4C161BBC65C8001E8AE8 /* Resources */ = {
			isa = PBXResourcesBuildPhase;
			buildActionMask = 2147483647;
			files = (
				DCBD4C2E1BBC65C9001E8AE8 /* LaunchScreen.storyboard in Resources */,
				DCBD4C2B1BBC65C9001E8AE8 /* Assets.xcassets in Resources */,
				DCBD4C261BBC65C9001E8AE8 /* Main.storyboard in Resources */,
			);
			runOnlyForDeploymentPostprocessing = 0;
		};
		DCBD4C321BBC65C9001E8AE8 /* Resources */ = {
			isa = PBXResourcesBuildPhase;
			buildActionMask = 2147483647;
			files = (
			);
			runOnlyForDeploymentPostprocessing = 0;
		};
		DCBD4C3D1BBC65C9001E8AE8 /* Resources */ = {
			isa = PBXResourcesBuildPhase;
			buildActionMask = 2147483647;
			files = (
			);
			runOnlyForDeploymentPostprocessing = 0;
		};
/* End PBXResourcesBuildPhase section */

/* Begin PBXSourcesBuildPhase section */
		DCBD4C141BBC65C8001E8AE8 /* Sources */ = {
			isa = PBXSourcesBuildPhase;
			buildActionMask = 2147483647;
			files = (
				DCBD4C231BBC65C9001E8AE8 /* ViewController.m in Sources */,
				DCBD4C201BBC65C9001E8AE8 /* AppDelegate.m in Sources */,
				DCBD4C291BBC65C9001E8AE8 /* IWantToBeGreen_IBOutlets_IBActions_.xcdatamodeld in Sources */,
				DCBD4C1D1BBC65C8001E8AE8 /* main.m in Sources */,
			);
			runOnlyForDeploymentPostprocessing = 0;
		};
		DCBD4C301BBC65C9001E8AE8 /* Sources */ = {
			isa = PBXSourcesBuildPhase;
			buildActionMask = 2147483647;
			files = (
				DCBD4C391BBC65C9001E8AE8 /* IWantToBeGreen_IBOutlets_IBActions_Tests.m in Sources */,
			);
			runOnlyForDeploymentPostprocessing = 0;
		};
		DCBD4C3B1BBC65C9001E8AE8 /* Sources */ = {
			isa = PBXSourcesBuildPhase;
			buildActionMask = 2147483647;
			files = (
				DCBD4C441BBC65C9001E8AE8 /* IWantToBeGreen_IBOutlets_IBActions_UITests.m in Sources */,
			);
			runOnlyForDeploymentPostprocessing = 0;
		};
/* End PBXSourcesBuildPhase section */

/* Begin PBXTargetDependency section */
		DCBD4C361BBC65C9001E8AE8 /* PBXTargetDependency */ = {
			isa = PBXTargetDependency;
			target = DCBD4C171BBC65C8001E8AE8 /* IWantToBeGreen(IBOutlets,IBActions) */;
			targetProxy = DCBD4C351BBC65C9001E8AE8 /* PBXContainerItemProxy */;
		};
		DCBD4C411BBC65C9001E8AE8 /* PBXTargetDependency */ = {
			isa = PBXTargetDependency;
			target = DCBD4C171BBC65C8001E8AE8 /* IWantToBeGreen(IBOutlets,IBActions) */;
			targetProxy = DCBD4C401BBC65C9001E8AE8 /* PBXContainerItemProxy */;
		};
/* End PBXTargetDependency section */

/* Begin PBXVariantGroup section */
		DCBD4C241BBC65C9001E8AE8 /* Main.storyboard */ = {
			isa = PBXVariantGroup;
			children = (
				DCBD4C251BBC65C9001E8AE8 /* Base */,
			);
			name = Main.storyboard;
			sourceTree = "<group>";
		};
		DCBD4C2C1BBC65C9001E8AE8 /* LaunchScreen.storyboard */ = {
			isa = PBXVariantGroup;
			children = (
				DCBD4C2D1BBC65C9001E8AE8 /* Base */,
			);
			name = LaunchScreen.storyboard;
			sourceTree = "<group>";
		};
/* End PBXVariantGroup section */

/* Begin XCBuildConfiguration section */
		DCBD4C461BBC65C9001E8AE8 /* Debug */ = {
			isa = XCBuildConfiguration;
			buildSettings = {
				ALWAYS_SEARCH_USER_PATHS = NO;
				CLANG_CXX_LANGUAGE_STANDARD = "gnu++0x";
				CLANG_CXX_LIBRARY = "libc++";
				CLANG_ENABLE_MODULES = YES;
				CLANG_ENABLE_OBJC_ARC = YES;
				CLANG_WARN_BOOL_CONVERSION = YES;
				CLANG_WARN_CONSTANT_CONVERSION = YES;
				CLANG_WARN_DIRECT_OBJC_ISA_USAGE = YES_ERROR;
				CLANG_WARN_EMPTY_BODY = YES;
				CLANG_WARN_ENUM_CONVERSION = YES;
				CLANG_WARN_INT_CONVERSION = YES;
				CLANG_WARN_OBJC_ROOT_CLASS = YES_ERROR;
				CLANG_WARN_UNREACHABLE_CODE = YES;
				CLANG_WARN__DUPLICATE_METHOD_MATCH = YES;
				"CODE_SIGN_IDENTITY[sdk=iphoneos*]" = "iPhone Developer";
				COPY_PHASE_STRIP = NO;
				DEBUG_INFORMATION_FORMAT = dwarf;
				ENABLE_STRICT_OBJC_MSGSEND = YES;
				ENABLE_TESTABILITY = YES;
				GCC_C_LANGUAGE_STANDARD = gnu99;
				GCC_DYNAMIC_NO_PIC = NO;
				GCC_NO_COMMON_BLOCKS = YES;
				GCC_OPTIMIZATION_LEVEL = 0;
				GCC_PREPROCESSOR_DEFINITIONS = (
					"DEBUG=1",
					"$(inherited)",
				);
				GCC_WARN_64_TO_32_BIT_CONVERSION = YES;
				GCC_WARN_ABOUT_RETURN_TYPE = YES_ERROR;
				GCC_WARN_UNDECLARED_SELECTOR = YES;
				GCC_WARN_UNINITIALIZED_AUTOS = YES_AGGRESSIVE;
				GCC_WARN_UNUSED_FUNCTION = YES;
				GCC_WARN_UNUSED_VARIABLE = YES;
				IPHONEOS_DEPLOYMENT_TARGET = 9.0;
				MTL_ENABLE_DEBUG_INFO = YES;
				ONLY_ACTIVE_ARCH = YES;
				SDKROOT = iphoneos;
			};
			name = Debug;
		};
		DCBD4C471BBC65C9001E8AE8 /* Release */ = {
			isa = XCBuildConfiguration;
			buildSettings = {
				ALWAYS_SEARCH_USER_PATHS = NO;
				CLANG_CXX_LANGUAGE_STANDARD = "gnu++0x";
				CLANG_CXX_LIBRARY = "libc++";
				CLANG_ENABLE_MODULES = YES;
				CLANG_ENABLE_OBJC_ARC = YES;
				CLANG_WARN_BOOL_CONVERSION = YES;
				CLANG_WARN_CONSTANT_CONVERSION = YES;
				CLANG_WARN_DIRECT_OBJC_ISA_USAGE = YES_ERROR;
				CLANG_WARN_EMPTY_BODY = YES;
				CLANG_WARN_ENUM_CONVERSION = YES;
				CLANG_WARN_INT_CONVERSION = YES;
				CLANG_WARN_OBJC_ROOT_CLASS = YES_ERROR;
				CLANG_WARN_UNREACHABLE_CODE = YES;
				CLANG_WARN__DUPLICATE_METHOD_MATCH = YES;
				"CODE_SIGN_IDENTITY[sdk=iphoneos*]" = "iPhone Developer";
				COPY_PHASE_STRIP = NO;
				DEBUG_INFORMATION_FORMAT = "dwarf-with-dsym";
				ENABLE_NS_ASSERTIONS = NO;
				ENABLE_STRICT_OBJC_MSGSEND = YES;
				GCC_C_LANGUAGE_STANDARD = gnu99;
				GCC_NO_COMMON_BLOCKS = YES;
				GCC_WARN_64_TO_32_BIT_CONVERSION = YES;
				GCC_WARN_ABOUT_RETURN_TYPE = YES_ERROR;
				GCC_WARN_UNDECLARED_SELECTOR = YES;
				GCC_WARN_UNINITIALIZED_AUTOS = YES_AGGRESSIVE;
				GCC_WARN_UNUSED_FUNCTION = YES;
				GCC_WARN_UNUSED_VARIABLE = YES;
				IPHONEOS_DEPLOYMENT_TARGET = 9.0;
				MTL_ENABLE_DEBUG_INFO = NO;
				SDKROOT = iphoneos;
				VALIDATE_PRODUCT = YES;
			};
			name = Release;
		};
		DCBD4C491BBC65C9001E8AE8 /* Debug */ = {
			isa = XCBuildConfiguration;
			buildSettings = {
				ASSETCATALOG_COMPILER_APPICON_NAME = AppIcon;
				INFOPLIST_FILE = "IWantToBeGreen(IBOutlets,IBActions)/Info.plist";
				LD_RUNPATH_SEARCH_PATHS = "$(inherited) @executable_path/Frameworks";
				PRODUCT_BUNDLE_IDENTIFIER = "com.mobilemakers.IWantToBeGreen-IBOutlets-IBActions-";
				PRODUCT_NAME = "$(TARGET_NAME)";
			};
			name = Debug;
		};
		DCBD4C4A1BBC65C9001E8AE8 /* Release */ = {
			isa = XCBuildConfiguration;
			buildSettings = {
				ASSETCATALOG_COMPILER_APPICON_NAME = AppIcon;
				INFOPLIST_FILE = "IWantToBeGreen(IBOutlets,IBActions)/Info.plist";
				LD_RUNPATH_SEARCH_PATHS = "$(inherited) @executable_path/Frameworks";
				PRODUCT_BUNDLE_IDENTIFIER = "com.mobilemakers.IWantToBeGreen-IBOutlets-IBActions-";
				PRODUCT_NAME = "$(TARGET_NAME)";
			};
			name = Release;
		};
		DCBD4C4C1BBC65C9001E8AE8 /* Debug */ = {
			isa = XCBuildConfiguration;
			buildSettings = {
				BUNDLE_LOADER = "$(TEST_HOST)";
				INFOPLIST_FILE = "IWantToBeGreen(IBOutlets,IBActions)Tests/Info.plist";
				LD_RUNPATH_SEARCH_PATHS = "$(inherited) @executable_path/Frameworks @loader_path/Frameworks";
				PRODUCT_BUNDLE_IDENTIFIER = "com.mobilemakers.IWantToBeGreen-IBOutlets-IBActions-Tests";
				PRODUCT_NAME = "$(TARGET_NAME)";
				TEST_HOST = "$(BUILT_PRODUCTS_DIR)/IWantToBeGreen(IBOutlets,IBActions).app/IWantToBeGreen(IBOutlets,IBActions)";
			};
			name = Debug;
		};
		DCBD4C4D1BBC65C9001E8AE8 /* Release */ = {
			isa = XCBuildConfiguration;
			buildSettings = {
				BUNDLE_LOADER = "$(TEST_HOST)";
				INFOPLIST_FILE = "IWantToBeGreen(IBOutlets,IBActions)Tests/Info.plist";
				LD_RUNPATH_SEARCH_PATHS = "$(inherited) @executable_path/Frameworks @loader_path/Frameworks";
				PRODUCT_BUNDLE_IDENTIFIER = "com.mobilemakers.IWantToBeGreen-IBOutlets-IBActions-Tests";
				PRODUCT_NAME = "$(TARGET_NAME)";
				TEST_HOST = "$(BUILT_PRODUCTS_DIR)/IWantToBeGreen(IBOutlets,IBActions).app/IWantToBeGreen(IBOutlets,IBActions)";
			};
			name = Release;
		};
		DCBD4C4F1BBC65C9001E8AE8 /* Debug */ = {
			isa = XCBuildConfiguration;
			buildSettings = {
				INFOPLIST_FILE = "IWantToBeGreen(IBOutlets,IBActions)UITests/Info.plist";
				LD_RUNPATH_SEARCH_PATHS = "$(inherited) @executable_path/Frameworks @loader_path/Frameworks";
				PRODUCT_BUNDLE_IDENTIFIER = "com.mobilemakers.IWantToBeGreen-IBOutlets-IBActions-UITests";
				PRODUCT_NAME = "$(TARGET_NAME)";
				TEST_TARGET_NAME = "IWantToBeGreen(IBOutlets,IBActions)";
				USES_XCTRUNNER = YES;
			};
			name = Debug;
		};
		DCBD4C501BBC65C9001E8AE8 /* Release */ = {
			isa = XCBuildConfiguration;
			buildSettings = {
				INFOPLIST_FILE = "IWantToBeGreen(IBOutlets,IBActions)UITests/Info.plist";
				LD_RUNPATH_SEARCH_PATHS = "$(inherited) @executable_path/Frameworks @loader_path/Frameworks";
				PRODUCT_BUNDLE_IDENTIFIER = "com.mobilemakers.IWantToBeGreen-IBOutlets-IBActions-UITests";
				PRODUCT_NAME = "$(TARGET_NAME)";
				TEST_TARGET_NAME = "IWantToBeGreen(IBOutlets,IBActions)";
				USES_XCTRUNNER = YES;
			};
			name = Release;
		};
/* End XCBuildConfiguration section */

/* Begin XCConfigurationList section */
		DCBD4C131BBC65C8001E8AE8 /* Build configuration list for PBXProject "IWantToBeGreen(IBOutlets,IBActions)" */ = {
			isa = XCConfigurationList;
			buildConfigurations = (
				DCBD4C461BBC65C9001E8AE8 /* Debug */,
				DCBD4C471BBC65C9001E8AE8 /* Release */,
			);
			defaultConfigurationIsVisible = 0;
			defaultConfigurationName = Release;
		};
		DCBD4C481BBC65C9001E8AE8 /* Build configuration list for PBXNativeTarget "IWantToBeGreen(IBOutlets,IBActions)" */ = {
			isa = XCConfigurationList;
			buildConfigurations = (
				DCBD4C491BBC65C9001E8AE8 /* Debug */,
				DCBD4C4A1BBC65C9001E8AE8 /* Release */,
			);
			defaultConfigurationIsVisible = 0;
		};
		DCBD4C4B1BBC65C9001E8AE8 /* Build configuration list for PBXNativeTarget "IWantToBeGreen(IBOutlets,IBActions)Tests" */ = {
			isa = XCConfigurationList;
			buildConfigurations = (
				DCBD4C4C1BBC65C9001E8AE8 /* Debug */,
				DCBD4C4D1BBC65C9001E8AE8 /* Release */,
			);
			defaultConfigurationIsVisible = 0;
		};
		DCBD4C4E1BBC65C9001E8AE8 /* Build configuration list for PBXNativeTarget "IWantToBeGreen(IBOutlets,IBActions)UITests" */ = {
			isa = XCConfigurationList;
			buildConfigurations = (
				DCBD4C4F1BBC65C9001E8AE8 /* Debug */,
				DCBD4C501BBC65C9001E8AE8 /* Release */,
			);
			defaultConfigurationIsVisible = 0;
		};
/* End XCConfigurationList section */

/* Begin XCVersionGroup section */
		DCBD4C271BBC65C9001E8AE8 /* IWantToBeGreen_IBOutlets_IBActions_.xcdatamodeld */ = {
			isa = XCVersionGroup;
			children = (
				DCBD4C281BBC65C9001E8AE8 /* IWantToBeGreen_IBOutlets_IBActions_.xcdatamodel */,
			);
			currentVersion = DCBD4C281BBC65C9001E8AE8 /* IWantToBeGreen_IBOutlets_IBActions_.xcdatamodel */;
			path = IWantToBeGreen_IBOutlets_IBActions_.xcdatamodeld;
			sourceTree = "<group>";
			versionGroupType = wrapper.xcdatamodel;
		};
/* End XCVersionGroup section */
	};
	rootObject = DCBD4C101BBC65C8001E8AE8 /* Project object */;
}
